
Microsoft Visual Studio Solution File, Format Version 12.00
# Visual Studio Version 17
VisualStudioVersion = 17.7.34031.279
MinimumVisualStudioVersion = 10.0.40219.1
Project("{FAE04EC0-301F-11D3-BF4B-00C04F79EFBC}") = "PrimeGenerator", "PrimeGenerator\PrimeGenerator.csproj", "{09C0B33F-E37A-4997-99EA-451A4988CC86}"
EndProject
Global
	GlobalSection(SolutionConfigurationPlatforms) = preSolution
		Debug|Any CPU = Debug|Any CPU
		Release|Any CPU = Release|Any CPU
	EndGlobalSection
	GlobalSection(ProjectConfigurationPlatforms) = postSolution
		{09C0B33F-E37A-4997-99EA-451A4988CC86}.Debug|Any CPU.ActiveCfg = Debug|Any CPU
		{09C0B33F-E37A-4997-99EA-451A4988CC86}.Debug|Any CPU.Build.0 = Debug|Any CPU
		{09C0B33F-E37A-4997-99EA-451A4988CC86}.Release|Any CPU.ActiveCfg = Release|Any CPU
		{09C0B33F-E37A-4997-99EA-451A4988CC86}.Release|Any CPU.Build.0 = Release|Any CPU
	EndGlobalSection
	GlobalSection(SolutionProperties) = preSolution
		HideSolutionNode = FALSE
	EndGlobalSection
	GlobalSection(ExtensibilityGlobals) = postSolution
		SolutionGuid = {DDD6D9A5-2B5C-4B4F-BF35-CC2642394B4A}
	EndGlobalSection
EndGlobal
